PODS:
  - Masonry (1.0.1)
  - PYUtil (1.0.1):
    - Masonry (~> 1.0.1)

DEPENDENCIES:
  - PYUtil (from `../`)

EXTERNAL SOURCES:
  PYUtil:
    :path: ../

SPEC CHECKSUMS:
  Masonry: a1a931a0d08870ed8ae415a2ea5ea68ebcac77df
  PYUtil: 922e8adf89a2b452a9da5ecd966db0ba63dfb6b9

PODFILE CHECKSUM: bb6fb55d31b6d1eede0fb08cbe2bf6515bf2af16

COCOAPODS: 1.0.1
